schema: '2.0'
stages:
  data_ingestion:
    cmd: python src/batteryPredictor/pipeline/stage_01_data_ingestion.py
    deps:
    - path: config/config.yaml
      hash: md5
      md5: cb957241a03d5ec32cbd72c164c3d483
      size: 1079
    - path: research/data
      hash: md5
      md5: da330c5cb80d01ca41f949fff27dd24c.dir
      size: 4583230
      nfiles: 67
    - path: src/batteryPredictor/pipeline/stage_01_data_ingestion.py
      hash: md5
      md5: e4f5dbe6a77ef199efaa4acf481d80b2
      size: 850
    outs:
    - path: artifacts/data_ingestion/merged_battery_data.csv
      hash: md5
      md5: 6f156d2dc266a96ae82f3aa20303fa0d
      size: 8209015
  data_transformation:
    cmd: python src/batteryPredictor/pipeline/stage_02_data_transformation.py
    deps:
    - path: artifacts/data_ingestion/merged_battery_data.csv
      hash: md5
      md5: 6f156d2dc266a96ae82f3aa20303fa0d
      size: 8209015
    - path: config/config.yaml
      hash: md5
      md5: cb957241a03d5ec32cbd72c164c3d483
      size: 1079
    - path: src/batteryPredictor/pipeline/stage_02_data_transformation.py
      hash: md5
      md5: ced5a7b91de8a063dcc83f341094bfef
      size: 905
    outs:
    - path: artifacts/data_transformation/test.csv
      hash: md5
      md5: 26c414d21fd56628820598ddb148ed86
      size: 2618494
    - path: artifacts/data_transformation/train.csv
      hash: md5
      md5: 470afa0968670cde484b25509fb4830b
      size: 7847237
  model_trainer:
    cmd: python src/batteryPredictor/pipeline/stage_03_model_trainer.py
    deps:
    - path: artifacts/data_transformation/test.csv
      hash: md5
      md5: 26c414d21fd56628820598ddb148ed86
      size: 2618494
    - path: artifacts/data_transformation/train.csv
      hash: md5
      md5: 470afa0968670cde484b25509fb4830b
      size: 7847237
    - path: config/config.yaml
      hash: md5
      md5: cb957241a03d5ec32cbd72c164c3d483
      size: 1079
    - path: src/batteryPredictor/pipeline/stage_03_model_trainer.py
      hash: md5
      md5: fc91f095b925b9c9b2fe9f3b8293194b
      size: 825
    params:
      params.yaml:
        XGBoost.learning_rate: 0.05
        XGBoost.max_depth: 6
        XGBoost.n_estimators: 1000
    outs:
    - path: artifacts/model_trainer/model_capacity.pkl
      hash: md5
      md5: 8d5b962aff55bd0e6efb7ddf709d2cd3
      size: 4698473
    - path: artifacts/model_trainer/model_soh.pkl
      hash: md5
      md5: 1d743778ae92ba4f438b8f097c80f31a
      size: 4834065
  model_evaluation:
    cmd: python src/batteryPredictor/pipeline/stage_04_model_evaluation.py
    deps:
    - path: artifacts/data_transformation/test.csv
      hash: md5
      md5: 26c414d21fd56628820598ddb148ed86
      size: 2618494
    - path: artifacts/model_trainer/model_capacity.pkl
      hash: md5
      md5: 8d5b962aff55bd0e6efb7ddf709d2cd3
      size: 4698473
    - path: artifacts/model_trainer/model_soh.pkl
      hash: md5
      md5: 1d743778ae92ba4f438b8f097c80f31a
      size: 4834065
    - path: config/config.yaml
      hash: md5
      md5: cb957241a03d5ec32cbd72c164c3d483
      size: 1079
    - path: src/batteryPredictor/pipeline/stage_04_model_evaluation.py
      hash: md5
      md5: 466aba3a92ea8f0d113f80f540e1b035
      size: 863
    outs:
    - path: artifacts/model_evaluation/metrics.json
      hash: md5
      md5: b2494a538c05e71cebe24bc0a8a30b20
      size: 544
